
Microsoft Visual Studio Solution File, Format Version 12.00
# Visual Studio Version 16
VisualStudioVersion = 16.0.29911.84
MinimumVisualStudioVersion = 10.0.40219.1
Project("{FAE04EC0-301F-11D3-BF4B-00C04F79EFBC}") = "Occult", "Occult.csproj", "{5002032C-9100-4EFE-91D7-B99405F01776}"
EndProject
Project("{FAE04EC0-301F-11D3-BF4B-00C04F79EFBC}") = "OccultumEditor", "..\OccultumEditor\OccultumEditor.csproj", "{12E31D8D-1745-4B9D-9ABE-0BB83807A240}"
EndProject
Project("{FAE04EC0-301F-11D3-BF4B-00C04F79EFBC}") = "Editor", "..\..\blarg3437\ComponentArchitecture\Editor\Editor.csproj", "{F78D4352-4740-4DEE-8C8C-A94737299346}"
EndProject
Global
	GlobalSection(SolutionConfigurationPlatforms) = preSolution
		Debug|Any CPU = Debug|Any CPU
		Debug|x86 = Debug|x86
		Release|Any CPU = Release|Any CPU
		Release|x86 = Release|x86
	EndGlobalSection
	GlobalSection(ProjectConfigurationPlatforms) = postSolution
		{5002032C-9100-4EFE-91D7-B99405F01776}.Debug|Any CPU.ActiveCfg = Debug|x86
		{5002032C-9100-4EFE-91D7-B99405F01776}.Debug|x86.ActiveCfg = Debug|x86
		{5002032C-9100-4EFE-91D7-B99405F01776}.Debug|x86.Build.0 = Debug|x86
		{5002032C-9100-4EFE-91D7-B99405F01776}.Release|Any CPU.ActiveCfg = Release|x86
		{5002032C-9100-4EFE-91D7-B99405F01776}.Release|x86.ActiveCfg = Release|x86
		{5002032C-9100-4EFE-91D7-B99405F01776}.Release|x86.Build.0 = Release|x86
		{12E31D8D-1745-4B9D-9ABE-0BB83807A240}.Debug|Any CPU.ActiveCfg = Debug|Any CPU
		{12E31D8D-1745-4B9D-9ABE-0BB83807A240}.Debug|Any CPU.Build.0 = Debug|Any CPU
		{12E31D8D-1745-4B9D-9ABE-0BB83807A240}.Debug|x86.ActiveCfg = Debug|Any CPU
		{12E31D8D-1745-4B9D-9ABE-0BB83807A240}.Debug|x86.Build.0 = Debug|Any CPU
		{12E31D8D-1745-4B9D-9ABE-0BB83807A240}.Release|Any CPU.ActiveCfg = Release|Any CPU
		{12E31D8D-1745-4B9D-9ABE-0BB83807A240}.Release|Any CPU.Build.0 = Release|Any CPU
		{12E31D8D-1745-4B9D-9ABE-0BB83807A240}.Release|x86.ActiveCfg = Release|Any CPU
		{12E31D8D-1745-4B9D-9ABE-0BB83807A240}.Release|x86.Build.0 = Release|Any CPU
		{F78D4352-4740-4DEE-8C8C-A94737299346}.Debug|Any CPU.ActiveCfg = Debug|Any CPU
		{F78D4352-4740-4DEE-8C8C-A94737299346}.Debug|Any CPU.Build.0 = Debug|Any CPU
		{F78D4352-4740-4DEE-8C8C-A94737299346}.Debug|x86.ActiveCfg = Debug|Any CPU
		{F78D4352-4740-4DEE-8C8C-A94737299346}.Debug|x86.Build.0 = Debug|Any CPU
		{F78D4352-4740-4DEE-8C8C-A94737299346}.Release|Any CPU.ActiveCfg = Release|Any CPU
		{F78D4352-4740-4DEE-8C8C-A94737299346}.Release|Any CPU.Build.0 = Release|Any CPU
		{F78D4352-4740-4DEE-8C8C-A94737299346}.Release|x86.ActiveCfg = Release|Any CPU
		{F78D4352-4740-4DEE-8C8C-A94737299346}.Release|x86.Build.0 = Release|Any CPU
	EndGlobalSection
	GlobalSection(SolutionProperties) = preSolution
		HideSolutionNode = FALSE
	EndGlobalSection
	GlobalSection(ExtensibilityGlobals) = postSolution
		SolutionGuid = {93B33E03-6F60-4BA2-8330-D24BE9731FF5}
	EndGlobalSection
EndGlobal
